{
  "requires": true,
  "lockfileVersion": 1,
  "dependencies": {
    "ng-click-outside": {
      "version": "7.0.1",
      "resolved": "https://registry.npmjs.org/ng-click-outside/-/ng-click-outside-7.0.1.tgz",
      "integrity": "sha512-Jhqbi3w/uVa+yVTunhiIOi2zkIslgl4VnsulWh4i7kR+rwYKWJ/WapPm5HWcBBzEgeUgpVn1Y2BqQPxFxB4zng=="
    }
  }
}
